// !$*UTF8*$!
{
	archiveVersion = 1;
	classes = {
	};
	objectVersion = 60;
	objects = {

/* Begin PBXBuildFile section */
		D2D76A9C2BA3E41500C5255C /* CloneInstargramAppApp.swift in Sources */ = {isa = PBXBuildFile; fileRef = D2D76A9B2BA3E41500C5255C /* CloneInstargramAppApp.swift */; };
		D2D76A9E2BA3E41500C5255C /* ContentView.swift in Sources */ = {isa = PBXBuildFile; fileRef = D2D76A9D2BA3E41500C5255C /* ContentView.swift */; };
		D2D76AA02BA3E41500C5255C /* Item.swift in Sources */ = {isa = PBXBuildFile; fileRef = D2D76A9F2BA3E41500C5255C /* Item.swift */; };
		D2D76AA22BA3E41800C5255C /* Assets.xcassets in Resources */ = {isa = PBXBuildFile; fileRef = D2D76AA12BA3E41800C5255C /* Assets.xcassets */; };
		D2D76AA52BA3E41800C5255C /* Preview Assets.xcassets in Resources */ = {isa = PBXBuildFile; fileRef = D2D76AA42BA3E41800C5255C /* Preview Assets.xcassets */; };
		D2D76AAF2BA3E41800C5255C /* CloneInstargramAppTests.swift in Sources */ = {isa = PBXBuildFile; fileRef = D2D76AAE2BA3E41800C5255C /* CloneInstargramAppTests.swift */; };
		D2D76AB92BA3E41800C5255C /* CloneInstargramAppUITests.swift in Sources */ = {isa = PBXBuildFile; fileRef = D2D76AB82BA3E41800C5255C /* CloneInstargramAppUITests.swift */; };
		D2D76ABB2BA3E41800C5255C /* CloneInstargramAppUITestsLaunchTests.swift in Sources */ = {isa = PBXBuildFile; fileRef = D2D76ABA2BA3E41800C5255C /* CloneInstargramAppUITestsLaunchTests.swift */; };
		D2D76AD12BA3E5A500C5255C /* SignupView.swift in Sources */ = {isa = PBXBuildFile; fileRef = D2D76AD02BA3E5A500C5255C /* SignupView.swift */; };
		D2D76AD32BA3E5B100C5255C /* SignInView.swift in Sources */ = {isa = PBXBuildFile; fileRef = D2D76AD22BA3E5B100C5255C /* SignInView.swift */; };
		D2D76AD62BA3E5D800C5255C /* UserData.swift in Sources */ = {isa = PBXBuildFile; fileRef = D2D76AD52BA3E5D800C5255C /* UserData.swift */; };
		D2D76ADA2BA3F31B00C5255C /* fontig.otf in Resources */ = {isa = PBXBuildFile; fileRef = D2D76AD82BA3F31A00C5255C /* fontig.otf */; };
		D2D76ADB2BA3F31B00C5255C /* Fontspring-DEMO-blue_vinyl_regular_ps_ot.otf in Resources */ = {isa = PBXBuildFile; fileRef = D2D76AD92BA3F31B00C5255C /* Fontspring-DEMO-blue_vinyl_regular_ps_ot.otf */; };
		D2D76ADC2BA3F72000C5255C /* fontig.otf in Resources */ = {isa = PBXBuildFile; fileRef = D2D76AD82BA3F31A00C5255C /* fontig.otf */; };
		D2D76ADD2BA3F72000C5255C /* fontig.otf in Resources */ = {isa = PBXBuildFile; fileRef = D2D76AD82BA3F31A00C5255C /* fontig.otf */; };
		D2D76AE12BA3F91900C5255C /* TextFieldCustom.swift in Sources */ = {isa = PBXBuildFile; fileRef = D2D76AE02BA3F91900C5255C /* TextFieldCustom.swift */; };
		D2D76AE42BA3FB0D00C5255C /* ButtonCustom.swift in Sources */ = {isa = PBXBuildFile; fileRef = D2D76AE32BA3FB0D00C5255C /* ButtonCustom.swift */; };
/* End PBXBuildFile section */

/* Begin PBXContainerItemProxy section */
		D2D76AAB2BA3E41800C5255C /* PBXContainerItemProxy */ = {
			isa = PBXContainerItemProxy;
			containerPortal = D2D76A902BA3E41400C5255C /* Project object */;
			proxyType = 1;
			remoteGlobalIDString = D2D76A972BA3E41500C5255C;
			remoteInfo = CloneInstargramApp;
		};
		D2D76AB52BA3E41800C5255C /* PBXContainerItemProxy */ = {
			isa = PBXContainerItemProxy;
			containerPortal = D2D76A902BA3E41400C5255C /* Project object */;
			proxyType = 1;
			remoteGlobalIDString = D2D76A972BA3E41500C5255C;
			remoteInfo = CloneInstargramApp;
		};
/* End PBXContainerItemProxy section */

/* Begin PBXFileReference section */
		D2D76A982BA3E41500C5255C /* CloneInstargramApp.app */ = {isa = PBXFileReference; explicitFileType = wrapper.application; includeInIndex = 0; path = CloneInstargramApp.app; sourceTree = BUILT_PRODUCTS_DIR; };
		D2D76A9B2BA3E41500C5255C /* CloneInstargramAppApp.swift */ = {isa = PBXFileReference; lastKnownFileType = sourcecode.swift; path = CloneInstargramAppApp.swift; sourceTree = "<group>"; };
		D2D76A9D2BA3E41500C5255C /* ContentView.swift */ = {isa = PBXFileReference; lastKnownFileType = sourcecode.swift; path = ContentView.swift; sourceTree = "<group>"; };
		D2D76A9F2BA3E41500C5255C /* Item.swift */ = {isa = PBXFileReference; lastKnownFileType = sourcecode.swift; path = Item.swift; sourceTree = "<group>"; };
		D2D76AA12BA3E41800C5255C /* Assets.xcassets */ = {isa = PBXFileReference; lastKnownFileType = folder.assetcatalog; path = Assets.xcassets; sourceTree = "<group>"; };
		D2D76AA42BA3E41800C5255C /* Preview Assets.xcassets */ = {isa = PBXFileReference; lastKnownFileType = folder.assetcatalog; path = "Preview Assets.xcassets"; sourceTree = "<group>"; };
		D2D76AAA2BA3E41800C5255C /* CloneInstargramAppTests.xctest */ = {isa = PBXFileReference; explicitFileType = wrapper.cfbundle; includeInIndex = 0; path = CloneInstargramAppTests.xctest; sourceTree = BUILT_PRODUCTS_DIR; };
		D2D76AAE2BA3E41800C5255C /* CloneInstargramAppTests.swift */ = {isa = PBXFileReference; lastKnownFileType = sourcecode.swift; path = CloneInstargramAppTests.swift; sourceTree = "<group>"; };
		D2D76AB42BA3E41800C5255C /* CloneInstargramAppUITests.xctest */ = {isa = PBXFileReference; explicitFileType = wrapper.cfbundle; includeInIndex = 0; path = CloneInstargramAppUITests.xctest; sourceTree = BUILT_PRODUCTS_DIR; };
		D2D76AB82BA3E41800C5255C /* CloneInstargramAppUITests.swift */ = {isa = PBXFileReference; lastKnownFileType = sourcecode.swift; path = CloneInstargramAppUITests.swift; sourceTree = "<group>"; };
		D2D76ABA2BA3E41800C5255C /* CloneInstargramAppUITestsLaunchTests.swift */ = {isa = PBXFileReference; lastKnownFileType = sourcecode.swift; path = CloneInstargramAppUITestsLaunchTests.swift; sourceTree = "<group>"; };
		D2D76AD02BA3E5A500C5255C /* SignupView.swift */ = {isa = PBXFileReference; lastKnownFileType = sourcecode.swift; path = SignupView.swift; sourceTree = "<group>"; };
		D2D76AD22BA3E5B100C5255C /* SignInView.swift */ = {isa = PBXFileReference; lastKnownFileType = sourcecode.swift; path = SignInView.swift; sourceTree = "<group>"; };
		D2D76AD52BA3E5D800C5255C /* UserData.swift */ = {isa = PBXFileReference; lastKnownFileType = sourcecode.swift; path = UserData.swift; sourceTree = "<group>"; };
		D2D76AD82BA3F31A00C5255C /* fontig.otf */ = {isa = PBXFileReference; lastKnownFileType = file; path = fontig.otf; sourceTree = "<group>"; };
		D2D76AD92BA3F31B00C5255C /* Fontspring-DEMO-blue_vinyl_regular_ps_ot.otf */ = {isa = PBXFileReference; lastKnownFileType = file; path = "Fontspring-DEMO-blue_vinyl_regular_ps_ot.otf"; sourceTree = "<group>"; };
		D2D76AE02BA3F91900C5255C /* TextFieldCustom.swift */ = {isa = PBXFileReference; lastKnownFileType = sourcecode.swift; path = TextFieldCustom.swift; sourceTree = "<group>"; };
		D2D76AE32BA3FB0D00C5255C /* ButtonCustom.swift */ = {isa = PBXFileReference; lastKnownFileType = sourcecode.swift; path = ButtonCustom.swift; sourceTree = "<group>"; };
/* End PBXFileReference section */

/* Begin PBXFrameworksBuildPhase section */
		D2D76A952BA3E41500C5255C /* Frameworks */ = {
			isa = PBXFrameworksBuildPhase;
			buildActionMask = 2147483647;
			files = (
			);
			runOnlyForDeploymentPostprocessing = 0;
		};
		D2D76AA72BA3E41800C5255C /* Frameworks */ = {
			isa = PBXFrameworksBuildPhase;
			buildActionMask = 2147483647;
			files = (
			);
			runOnlyForDeploymentPostprocessing = 0;
		};
		D2D76AB12BA3E41800C5255C /* Frameworks */ = {
			isa = PBXFrameworksBuildPhase;
			buildActionMask = 2147483647;
			files = (
			);
			runOnlyForDeploymentPostprocessing = 0;
		};
/* End PBXFrameworksBuildPhase section */

/* Begin PBXGroup section */
		D2D76A8F2BA3E41400C5255C = {
			isa = PBXGroup;
			children = (
				D2D76A9A2BA3E41500C5255C /* CloneInstargramApp */,
				D2D76AAD2BA3E41800C5255C /* CloneInstargramAppTests */,
				D2D76AB72BA3E41800C5255C /* CloneInstargramAppUITests */,
				D2D76A992BA3E41500C5255C /* Products */,
			);
			sourceTree = "<group>";
		};
		D2D76A992BA3E41500C5255C /* Products */ = {
			isa = PBXGroup;
			children = (
				D2D76A982BA3E41500C5255C /* CloneInstargramApp.app */,
				D2D76AAA2BA3E41800C5255C /* CloneInstargramAppTests.xctest */,
				D2D76AB42BA3E41800C5255C /* CloneInstargramAppUITests.xctest */,
			);
			name = Products;
			sourceTree = "<group>";
		};
		D2D76A9A2BA3E41500C5255C /* CloneInstargramApp */ = {
			isa = PBXGroup;
			children = (
				D2D76AD42BA3E5B800C5255C /* Model */,
				D2D76ACE2BA3E4BD00C5255C /* Services */,
				D2D76ACB2BA3E46100C5255C /* UI */,
				D2D76AC92BA3E44700C5255C /* Common */,
				D2D76AC72BA3E43500C5255C /* Components */,
				D2D76A9B2BA3E41500C5255C /* CloneInstargramAppApp.swift */,
				D2D76A9D2BA3E41500C5255C /* ContentView.swift */,
				D2D76A9F2BA3E41500C5255C /* Item.swift */,
				D2D76AA32BA3E41800C5255C /* Preview Content */,
			);
			path = CloneInstargramApp;
			sourceTree = "<group>";
		};
		D2D76AA32BA3E41800C5255C /* Preview Content */ = {
			isa = PBXGroup;
			children = (
				D2D76AA42BA3E41800C5255C /* Preview Assets.xcassets */,
			);
			path = "Preview Content";
			sourceTree = "<group>";
		};
		D2D76AAD2BA3E41800C5255C /* CloneInstargramAppTests */ = {
			isa = PBXGroup;
			children = (
				D2D76AAE2BA3E41800C5255C /* CloneInstargramAppTests.swift */,
			);
			path = CloneInstargramAppTests;
			sourceTree = "<group>";
		};
		D2D76AB72BA3E41800C5255C /* CloneInstargramAppUITests */ = {
			isa = PBXGroup;
			children = (
				D2D76AB82BA3E41800C5255C /* CloneInstargramAppUITests.swift */,
				D2D76ABA2BA3E41800C5255C /* CloneInstargramAppUITestsLaunchTests.swift */,
			);
			path = CloneInstargramAppUITests;
			sourceTree = "<group>";
		};
		D2D76AC72BA3E43500C5255C /* Components */ = {
			isa = PBXGroup;
			children = (
				D2D76ACF2BA3E4CB00C5255C /* Home */,
				D2D76ACD2BA3E47300C5255C /* SignIn */,
				D2D76ACC2BA3E46800C5255C /* SingUp */,
			);
			path = Components;
			sourceTree = "<group>";
		};
		D2D76AC92BA3E44700C5255C /* Common */ = {
			isa = PBXGroup;
			children = (
				D2D76AD72BA3F30B00C5255C /* Fonts */,
				D2D76ACA2BA3E45000C5255C /* Resources */,
			);
			path = Common;
			sourceTree = "<group>";
		};
		D2D76ACA2BA3E45000C5255C /* Resources */ = {
			isa = PBXGroup;
			children = (
				D2D76AA12BA3E41800C5255C /* Assets.xcassets */,
			);
			path = Resources;
			sourceTree = "<group>";
		};
		D2D76ACB2BA3E46100C5255C /* UI */ = {
			isa = PBXGroup;
			children = (
				D2D76AE22BA3FB0100C5255C /* Button */,
				D2D76ADE2BA3F8F700C5255C /* TextField */,
			);
			path = UI;
			sourceTree = "<group>";
		};
		D2D76ACC2BA3E46800C5255C /* SingUp */ = {
			isa = PBXGroup;
			children = (
				D2D76AD02BA3E5A500C5255C /* SignupView.swift */,
			);
			path = SingUp;
			sourceTree = "<group>";
		};
		D2D76ACD2BA3E47300C5255C /* SignIn */ = {
			isa = PBXGroup;
			children = (
				D2D76AD22BA3E5B100C5255C /* SignInView.swift */,
			);
			path = SignIn;
			sourceTree = "<group>";
		};
		D2D76ACE2BA3E4BD00C5255C /* Services */ = {
			isa = PBXGroup;
			children = (
			);
			path = Services;
			sourceTree = "<group>";
		};
		D2D76ACF2BA3E4CB00C5255C /* Home */ = {
			isa = PBXGroup;
			children = (
			);
			path = Home;
			sourceTree = "<group>";
		};
		D2D76AD42BA3E5B800C5255C /* Model */ = {
			isa = PBXGroup;
			children = (
				D2D76AD52BA3E5D800C5255C /* UserData.swift */,
			);
			path = Model;
			sourceTree = "<group>";
		};
		D2D76AD72BA3F30B00C5255C /* Fonts */ = {
			isa = PBXGroup;
			children = (
				D2D76AD82BA3F31A00C5255C /* fontig.otf */,
				D2D76AD92BA3F31B00C5255C /* Fontspring-DEMO-blue_vinyl_regular_ps_ot.otf */,
			);
			path = Fonts;
			sourceTree = "<group>";
		};
		D2D76ADE2BA3F8F700C5255C /* TextField */ = {
			isa = PBXGroup;
			children = (
				D2D76AE02BA3F91900C5255C /* TextFieldCustom.swift */,
			);
			path = TextField;
			sourceTree = "<group>";
		};
		D2D76AE22BA3FB0100C5255C /* Button */ = {
			isa = PBXGroup;
			children = (
				D2D76AE32BA3FB0D00C5255C /* ButtonCustom.swift */,
			);
			path = Button;
			sourceTree = "<group>";
		};
/* End PBXGroup section */

/* Begin PBXNativeTarget section */
		D2D76A972BA3E41500C5255C /* CloneInstargramApp */ = {
			isa = PBXNativeTarget;
			buildConfigurationList = D2D76ABE2BA3E41800C5255C /* Build configuration list for PBXNativeTarget "CloneInstargramApp" */;
			buildPhases = (
				D2D76A942BA3E41500C5255C /* Sources */,
				D2D76A952BA3E41500C5255C /* Frameworks */,
				D2D76A962BA3E41500C5255C /* Resources */,
			);
			buildRules = (
			);
			dependencies = (
			);
			name = CloneInstargramApp;
			productName = CloneInstargramApp;
			productReference = D2D76A982BA3E41500C5255C /* CloneInstargramApp.app */;
			productType = "com.apple.product-type.application";
		};
		D2D76AA92BA3E41800C5255C /* CloneInstargramAppTests */ = {
			isa = PBXNativeTarget;
			buildConfigurationList = D2D76AC12BA3E41800C5255C /* Build configuration list for PBXNativeTarget "CloneInstargramAppTests" */;
			buildPhases = (
				D2D76AA62BA3E41800C5255C /* Sources */,
				D2D76AA72BA3E41800C5255C /* Frameworks */,
				D2D76AA82BA3E41800C5255C /* Resources */,
			);
			buildRules = (
			);
			dependencies = (
				D2D76AAC2BA3E41800C5255C /* PBXTargetDependency */,
			);
			name = CloneInstargramAppTests;
			productName = CloneInstargramAppTests;
			productReference = D2D76AAA2BA3E41800C5255C /* CloneInstargramAppTests.xctest */;
			productType = "com.apple.product-type.bundle.unit-test";
		};
		D2D76AB32BA3E41800C5255C /* CloneInstargramAppUITests */ = {
			isa = PBXNativeTarget;
			buildConfigurationList = D2D76AC42BA3E41800C5255C /* Build configuration list for PBXNativeTarget "CloneInstargramAppUITests" */;
			buildPhases = (
				D2D76AB02BA3E41800C5255C /* Sources */,
				D2D76AB12BA3E41800C5255C /* Frameworks */,
				D2D76AB22BA3E41800C5255C /* Resources */,
			);
			buildRules = (
			);
			dependencies = (
				D2D76AB62BA3E41800C5255C /* PBXTargetDependency */,
			);
			name = CloneInstargramAppUITests;
			productName = CloneInstargramAppUITests;
			productReference = D2D76AB42BA3E41800C5255C /* CloneInstargramAppUITests.xctest */;
			productType = "com.apple.product-type.bundle.ui-testing";
		};
/* End PBXNativeTarget section */

/* Begin PBXProject section */
		D2D76A902BA3E41400C5255C /* Project object */ = {
			isa = PBXProject;
			attributes = {
				BuildIndependentTargetsInParallel = 1;
				LastSwiftUpdateCheck = 1520;
				LastUpgradeCheck = 1520;
				TargetAttributes = {
					D2D76A972BA3E41500C5255C = {
						CreatedOnToolsVersion = 15.2;
					};
					D2D76AA92BA3E41800C5255C = {
						CreatedOnToolsVersion = 15.2;
						TestTargetID = D2D76A972BA3E41500C5255C;
					};
					D2D76AB32BA3E41800C5255C = {
						CreatedOnToolsVersion = 15.2;
						TestTargetID = D2D76A972BA3E41500C5255C;
					};
				};
			};
			buildConfigurationList = D2D76A932BA3E41400C5255C /* Build configuration list for PBXProject "CloneInstargramApp" */;
			compatibilityVersion = "Xcode 15.0";
			developmentRegion = en;
			hasScannedForEncodings = 0;
			knownRegions = (
				en,
				Base,
			);
			mainGroup = D2D76A8F2BA3E41400C5255C;
			productRefGroup = D2D76A992BA3E41500C5255C /* Products */;
			projectDirPath = "";
			projectRoot = "";
			targets = (
				D2D76A972BA3E41500C5255C /* CloneInstargramApp */,
				D2D76AA92BA3E41800C5255C /* CloneInstargramAppTests */,
				D2D76AB32BA3E41800C5255C /* CloneInstargramAppUITests */,
			);
		};
/* End PBXProject section */

/* Begin PBXResourcesBuildPhase section */
		D2D76A962BA3E41500C5255C /* Resources */ = {
			isa = PBXResourcesBuildPhase;
			buildActionMask = 2147483647;
			files = (
				D2D76AA52BA3E41800C5255C /* Preview Assets.xcassets in Resources */,
				D2D76ADA2BA3F31B00C5255C /* fontig.otf in Resources */,
				D2D76ADB2BA3F31B00C5255C /* Fontspring-DEMO-blue_vinyl_regular_ps_ot.otf in Resources */,
				D2D76AA22BA3E41800C5255C /* Assets.xcassets in Resources */,
			);
			runOnlyForDeploymentPostprocessing = 0;
		};
		D2D76AA82BA3E41800C5255C /* Resources */ = {
			isa = PBXResourcesBuildPhase;
			buildActionMask = 2147483647;
			files = (
				D2D76ADC2BA3F72000C5255C /* fontig.otf in Resources */,
			);
			runOnlyForDeploymentPostprocessing = 0;
		};
		D2D76AB22BA3E41800C5255C /* Resources */ = {
			isa = PBXResourcesBuildPhase;
			buildActionMask = 2147483647;
			files = (
				D2D76ADD2BA3F72000C5255C /* fontig.otf in Resources */,
			);
			runOnlyForDeploymentPostprocessing = 0;
		};
/* End PBXResourcesBuildPhase section */

/* Begin PBXSourcesBuildPhase section */
		D2D76A942BA3E41500C5255C /* Sources */ = {
			isa = PBXSourcesBuildPhase;
			buildActionMask = 2147483647;
			files = (
				D2D76AE12BA3F91900C5255C /* TextFieldCustom.swift in Sources */,
				D2D76AD62BA3E5D800C5255C /* UserData.swift in Sources */,
				D2D76AD12BA3E5A500C5255C /* SignupView.swift in Sources */,
				D2D76A9E2BA3E41500C5255C /* ContentView.swift in Sources */,
				D2D76AE42BA3FB0D00C5255C /* ButtonCustom.swift in Sources */,
				D2D76AA02BA3E41500C5255C /* Item.swift in Sources */,
				D2D76A9C2BA3E41500C5255C /* CloneInstargramAppApp.swift in Sources */,
				D2D76AD32BA3E5B100C5255C /* SignInView.swift in Sources */,
			);
			runOnlyForDeploymentPostprocessing = 0;
		};
		D2D76AA62BA3E41800C5255C /* Sources */ = {
			isa = PBXSourcesBuildPhase;
			buildActionMask = 2147483647;
			files = (
				D2D76AAF2BA3E41800C5255C /* CloneInstargramAppTests.swift in Sources */,
			);
			runOnlyForDeploymentPostprocessing = 0;
		};
		D2D76AB02BA3E41800C5255C /* Sources */ = {
			isa = PBXSourcesBuildPhase;
			buildActionMask = 2147483647;
			files = (
				D2D76ABB2BA3E41800C5255C /* CloneInstargramAppUITestsLaunchTests.swift in Sources */,
				D2D76AB92BA3E41800C5255C /* CloneInstargramAppUITests.swift in Sources */,
			);
			runOnlyForDeploymentPostprocessing = 0;
		};
/* End PBXSourcesBuildPhase section */

/* Begin PBXTargetDependency section */
		D2D76AAC2BA3E41800C5255C /* PBXTargetDependency */ = {
			isa = PBXTargetDependency;
			target = D2D76A972BA3E41500C5255C /* CloneInstargramApp */;
			targetProxy = D2D76AAB2BA3E41800C5255C /* PBXContainerItemProxy */;
		};
		D2D76AB62BA3E41800C5255C /* PBXTargetDependency */ = {
			isa = PBXTargetDependency;
			target = D2D76A972BA3E41500C5255C /* CloneInstargramApp */;
			targetProxy = D2D76AB52BA3E41800C5255C /* PBXContainerItemProxy */;
		};
/* End PBXTargetDependency section */

/* Begin XCBuildConfiguration section */
		D2D76ABC2BA3E41800C5255C /* Debug */ = {
			isa = XCBuildConfiguration;
			buildSettings = {
				ALWAYS_SEARCH_USER_PATHS = NO;
				ASSETCATALOG_COMPILER_GENERATE_SWIFT_ASSET_SYMBOL_EXTENSIONS = YES;
				CLANG_ANALYZER_NONNULL = YES;
				CLANG_ANALYZER_NUMBER_OBJECT_CONVERSION = YES_AGGRESSIVE;
				CLANG_CXX_LANGUAGE_STANDARD = "gnu++20";
				CLANG_ENABLE_MODULES = YES;
				CLANG_ENABLE_OBJC_ARC = YES;
				CLANG_ENABLE_OBJC_WEAK = YES;
				CLANG_WARN_BLOCK_CAPTURE_AUTORELEASING = YES;
				CLANG_WARN_BOOL_CONVERSION = YES;
				CLANG_WARN_COMMA = YES;
				CLANG_WARN_CONSTANT_CONVERSION = YES;
				CLANG_WARN_DEPRECATED_OBJC_IMPLEMENTATIONS = YES;
				CLANG_WARN_DIRECT_OBJC_ISA_USAGE = YES_ERROR;
				CLANG_WARN_DOCUMENTATION_COMMENTS = YES;
				CLANG_WARN_EMPTY_BODY = YES;
				CLANG_WARN_ENUM_CONVERSION = YES;
				CLANG_WARN_INFINITE_RECURSION = YES;
				CLANG_WARN_INT_CONVERSION = YES;
				CLANG_WARN_NON_LITERAL_NULL_CONVERSION = YES;
				CLANG_WARN_OBJC_IMPLICIT_RETAIN_SELF = YES;
				CLANG_WARN_OBJC_LITERAL_CONVERSION = YES;
				CLANG_WARN_OBJC_ROOT_CLASS = YES_ERROR;
				CLANG_WARN_QUOTED_INCLUDE_IN_FRAMEWORK_HEADER = YES;
				CLANG_WARN_RANGE_LOOP_ANALYSIS = YES;
				CLANG_WARN_STRICT_PROTOTYPES = YES;
				CLANG_WARN_SUSPICIOUS_MOVE = YES;
				CLANG_WARN_UNGUARDED_AVAILABILITY = YES_AGGRESSIVE;
				CLANG_WARN_UNREACHABLE_CODE = YES;
				CLANG_WARN__DUPLICATE_METHOD_MATCH = YES;
				COPY_PHASE_STRIP = NO;
				DEBUG_INFORMATION_FORMAT = dwarf;
				ENABLE_STRICT_OBJC_MSGSEND = YES;
				ENABLE_TESTABILITY = YES;
				ENABLE_USER_SCRIPT_SANDBOXING = YES;
				GCC_C_LANGUAGE_STANDARD = gnu17;
				GCC_DYNAMIC_NO_PIC = NO;
				GCC_NO_COMMON_BLOCKS = YES;
				GCC_OPTIMIZATION_LEVEL = 0;
				GCC_PREPROCESSOR_DEFINITIONS = (
					"DEBUG=1",
					"$(inherited)",
				);
				GCC_WARN_64_TO_32_BIT_CONVERSION = YES;
				GCC_WARN_ABOUT_RETURN_TYPE = YES_ERROR;
				GCC_WARN_UNDECLARED_SELECTOR = YES;
				GCC_WARN_UNINITIALIZED_AUTOS = YES_AGGRESSIVE;
				GCC_WARN_UNUSED_FUNCTION = YES;
				GCC_WARN_UNUSED_VARIABLE = YES;
				IPHONEOS_DEPLOYMENT_TARGET = 17.2;
				LOCALIZATION_PREFERS_STRING_CATALOGS = YES;
				MTL_ENABLE_DEBUG_INFO = INCLUDE_SOURCE;
				MTL_FAST_MATH = YES;
				ONLY_ACTIVE_ARCH = YES;
				SDKROOT = iphoneos;
				SWIFT_ACTIVE_COMPILATION_CONDITIONS = "DEBUG $(inherited)";
				SWIFT_OPTIMIZATION_LEVEL = "-Onone";
			};
			name = Debug;
		};
		D2D76ABD2BA3E41800C5255C /* Release */ = {
			isa = XCBuildConfiguration;
			buildSettings = {
				ALWAYS_SEARCH_USER_PATHS = NO;
				ASSETCATALOG_COMPILER_GENERATE_SWIFT_ASSET_SYMBOL_EXTENSIONS = YES;
				CLANG_ANALYZER_NONNULL = YES;
				CLANG_ANALYZER_NUMBER_OBJECT_CONVERSION = YES_AGGRESSIVE;
				CLANG_CXX_LANGUAGE_STANDARD = "gnu++20";
				CLANG_ENABLE_MODULES = YES;
				CLANG_ENABLE_OBJC_ARC = YES;
				CLANG_ENABLE_OBJC_WEAK = YES;
				CLANG_WARN_BLOCK_CAPTURE_AUTORELEASING = YES;
				CLANG_WARN_BOOL_CONVERSION = YES;
				CLANG_WARN_COMMA = YES;
				CLANG_WARN_CONSTANT_CONVERSION = YES;
				CLANG_WARN_DEPRECATED_OBJC_IMPLEMENTATIONS = YES;
				CLANG_WARN_DIRECT_OBJC_ISA_USAGE = YES_ERROR;
				CLANG_WARN_DOCUMENTATION_COMMENTS = YES;
				CLANG_WARN_EMPTY_BODY = YES;
				CLANG_WARN_ENUM_CONVERSION = YES;
				CLANG_WARN_INFINITE_RECURSION = YES;
				CLANG_WARN_INT_CONVERSION = YES;
				CLANG_WARN_NON_LITERAL_NULL_CONVERSION = YES;
				CLANG_WARN_OBJC_IMPLICIT_RETAIN_SELF = YES;
				CLANG_WARN_OBJC_LITERAL_CONVERSION = YES;
				CLANG_WARN_OBJC_ROOT_CLASS = YES_ERROR;
				CLANG_WARN_QUOTED_INCLUDE_IN_FRAMEWORK_HEADER = YES;
				CLANG_WARN_RANGE_LOOP_ANALYSIS = YES;
				CLANG_WARN_STRICT_PROTOTYPES = YES;
				CLANG_WARN_SUSPICIOUS_MOVE = YES;
				CLANG_WARN_UNGUARDED_AVAILABILITY = YES_AGGRESSIVE;
				CLANG_WARN_UNREACHABLE_CODE = YES;
				CLANG_WARN__DUPLICATE_METHOD_MATCH = YES;
				COPY_PHASE_STRIP = NO;
				DEBUG_INFORMATION_FORMAT = "dwarf-with-dsym";
				ENABLE_NS_ASSERTIONS = NO;
				ENABLE_STRICT_OBJC_MSGSEND = YES;
				ENABLE_USER_SCRIPT_SANDBOXING = YES;
				GCC_C_LANGUAGE_STANDARD = gnu17;
				GCC_NO_COMMON_BLOCKS = YES;
				GCC_WARN_64_TO_32_BIT_CONVERSION = YES;
				GCC_WARN_ABOUT_RETURN_TYPE = YES_ERROR;
				GCC_WARN_UNDECLARED_SELECTOR = YES;
				GCC_WARN_UNINITIALIZED_AUTOS = YES_AGGRESSIVE;
				GCC_WARN_UNUSED_FUNCTION = YES;
				GCC_WARN_UNUSED_VARIABLE = YES;
				IPHONEOS_DEPLOYMENT_TARGET = 17.2;
				LOCALIZATION_PREFERS_STRING_CATALOGS = YES;
				MTL_ENABLE_DEBUG_INFO = NO;
				MTL_FAST_MATH = YES;
				SDKROOT = iphoneos;
				SWIFT_COMPILATION_MODE = wholemodule;
				VALIDATE_PRODUCT = YES;
			};
			name = Release;
		};
		D2D76ABF2BA3E41800C5255C /* Debug */ = {
			isa = XCBuildConfiguration;
			buildSettings = {
				ASSETCATALOG_COMPILER_APPICON_NAME = AppIcon;
				ASSETCATALOG_COMPILER_GLOBAL_ACCENT_COLOR_NAME = AccentColor;
				CODE_SIGN_STYLE = Automatic;
				CURRENT_PROJECT_VERSION = 1;
				DEVELOPMENT_ASSET_PATHS = "\"CloneInstargramApp/Preview Content\"";
				DEVELOPMENT_TEAM = YAH93RZF3C;
				ENABLE_PREVIEWS = YES;
				GENERATE_INFOPLIST_FILE = YES;
				INFOPLIST_KEY_UIApplicationSceneManifest_Generation = YES;
				INFOPLIST_KEY_UIApplicationSupportsIndirectInputEvents = YES;
				INFOPLIST_KEY_UILaunchScreen_Generation = YES;
				INFOPLIST_KEY_UISupportedInterfaceOrientations_iPad = "UIInterfaceOrientationPortrait UIInterfaceOrientationPortraitUpsideDown UIInterfaceOrientationLandscapeLeft UIInterfaceOrientationLandscapeRight";
				INFOPLIST_KEY_UISupportedInterfaceOrientations_iPhone = "UIInterfaceOrientationPortrait UIInterfaceOrientationLandscapeLeft UIInterfaceOrientationLandscapeRight";
				LD_RUNPATH_SEARCH_PATHS = (
					"$(inherited)",
					"@executable_path/Frameworks",
				);
				MARKETING_VERSION = 1.0;
				PRODUCT_BUNDLE_IDENTIFIER = test.CloneInstargramApp;
				PRODUCT_NAME = "$(TARGET_NAME)";
				SWIFT_EMIT_LOC_STRINGS = YES;
				SWIFT_VERSION = 5.0;
				TARGETED_DEVICE_FAMILY = "1,2";
			};
			name = Debug;
		};
		D2D76AC02BA3E41800C5255C /* Release */ = {
			isa = XCBuildConfiguration;
			buildSettings = {
				ASSETCATALOG_COMPILER_APPICON_NAME = AppIcon;
				ASSETCATALOG_COMPILER_GLOBAL_ACCENT_COLOR_NAME = AccentColor;
				CODE_SIGN_STYLE = Automatic;
				CURRENT_PROJECT_VERSION = 1;
				DEVELOPMENT_ASSET_PATHS = "\"CloneInstargramApp/Preview Content\"";
				DEVELOPMENT_TEAM = YAH93RZF3C;
				ENABLE_PREVIEWS = YES;
				GENERATE_INFOPLIST_FILE = YES;
				INFOPLIST_KEY_UIApplicationSceneManifest_Generation = YES;
				INFOPLIST_KEY_UIApplicationSupportsIndirectInputEvents = YES;
				INFOPLIST_KEY_UILaunchScreen_Generation = YES;
				INFOPLIST_KEY_UISupportedInterfaceOrientations_iPad = "UIInterfaceOrientationPortrait UIInterfaceOrientationPortraitUpsideDown UIInterfaceOrientationLandscapeLeft UIInterfaceOrientationLandscapeRight";
				INFOPLIST_KEY_UISupportedInterfaceOrientations_iPhone = "UIInterfaceOrientationPortrait UIInterfaceOrientationLandscapeLeft UIInterfaceOrientationLandscapeRight";
				LD_RUNPATH_SEARCH_PATHS = (
					"$(inherited)",
					"@executable_path/Frameworks",
				);
				MARKETING_VERSION = 1.0;
				PRODUCT_BUNDLE_IDENTIFIER = test.CloneInstargramApp;
				PRODUCT_NAME = "$(TARGET_NAME)";
				SWIFT_EMIT_LOC_STRINGS = YES;
				SWIFT_VERSION = 5.0;
				TARGETED_DEVICE_FAMILY = "1,2";
			};
			name = Release;
		};
		D2D76AC22BA3E41800C5255C /* Debug */ = {
			isa = XCBuildConfiguration;
			buildSettings = {
				ALWAYS_EMBED_SWIFT_STANDARD_LIBRARIES = YES;
				BUNDLE_LOADER = "$(TEST_HOST)";
				CODE_SIGN_STYLE = Automatic;
				CURRENT_PROJECT_VERSION = 1;
				DEVELOPMENT_TEAM = YAH93RZF3C;
				GENERATE_INFOPLIST_FILE = YES;
				IPHONEOS_DEPLOYMENT_TARGET = 17.2;
				MARKETING_VERSION = 1.0;
				PRODUCT_BUNDLE_IDENTIFIER = test.CloneInstargramAppTests;
				PRODUCT_NAME = "$(TARGET_NAME)";
				SWIFT_EMIT_LOC_STRINGS = NO;
				SWIFT_VERSION = 5.0;
				TARGETED_DEVICE_FAMILY = "1,2";
				TEST_HOST = "$(BUILT_PRODUCTS_DIR)/CloneInstargramApp.app/$(BUNDLE_EXECUTABLE_FOLDER_PATH)/CloneInstargramApp";
			};
			name = Debug;
		};
		D2D76AC32BA3E41800C5255C /* Release */ = {
			isa = XCBuildConfiguration;
			buildSettings = {
				ALWAYS_EMBED_SWIFT_STANDARD_LIBRARIES = YES;
				BUNDLE_LOADER = "$(TEST_HOST)";
				CODE_SIGN_STYLE = Automatic;
				CURRENT_PROJECT_VERSION = 1;
				DEVELOPMENT_TEAM = YAH93RZF3C;
				GENERATE_INFOPLIST_FILE = YES;
				IPHONEOS_DEPLOYMENT_TARGET = 17.2;
				MARKETING_VERSION = 1.0;
				PRODUCT_BUNDLE_IDENTIFIER = test.CloneInstargramAppTests;
				PRODUCT_NAME = "$(TARGET_NAME)";
				SWIFT_EMIT_LOC_STRINGS = NO;
				SWIFT_VERSION = 5.0;
				TARGETED_DEVICE_FAMILY = "1,2";
				TEST_HOST = "$(BUILT_PRODUCTS_DIR)/CloneInstargramApp.app/$(BUNDLE_EXECUTABLE_FOLDER_PATH)/CloneInstargramApp";
			};
			name = Release;
		};
		D2D76AC52BA3E41800C5255C /* Debug */ = {
			isa = XCBuildConfiguration;
			buildSettings = {
				ALWAYS_EMBED_SWIFT_STANDARD_LIBRARIES = YES;
				CODE_SIGN_STYLE = Automatic;
				CURRENT_PROJECT_VERSION = 1;
				DEVELOPMENT_TEAM = YAH93RZF3C;
				GENERATE_INFOPLIST_FILE = YES;
				MARKETING_VERSION = 1.0;
				PRODUCT_BUNDLE_IDENTIFIER = test.CloneInstargramAppUITests;
				PRODUCT_NAME = "$(TARGET_NAME)";
				SWIFT_EMIT_LOC_STRINGS = NO;
				SWIFT_VERSION = 5.0;
				TARGETED_DEVICE_FAMILY = "1,2";
				TEST_TARGET_NAME = CloneInstargramApp;
			};
			name = Debug;
		};
		D2D76AC62BA3E41800C5255C /* Release */ = {
			isa = XCBuildConfiguration;
			buildSettings = {
				ALWAYS_EMBED_SWIFT_STANDARD_LIBRARIES = YES;
				CODE_SIGN_STYLE = Automatic;
				CURRENT_PROJECT_VERSION = 1;
				DEVELOPMENT_TEAM = YAH93RZF3C;
				GENERATE_INFOPLIST_FILE = YES;
				MARKETING_VERSION = 1.0;
				PRODUCT_BUNDLE_IDENTIFIER = test.CloneInstargramAppUITests;
				PRODUCT_NAME = "$(TARGET_NAME)";
				SWIFT_EMIT_LOC_STRINGS = NO;
				SWIFT_VERSION = 5.0;
				TARGETED_DEVICE_FAMILY = "1,2";
				TEST_TARGET_NAME = CloneInstargramApp;
			};
			name = Release;
		};
/* End XCBuildConfiguration section */

/* Begin XCConfigurationList section */
		D2D76A932BA3E41400C5255C /* Build configuration list for PBXProject "CloneInstargramApp" */ = {
			isa = XCConfigurationList;
			buildConfigurations = (
				D2D76ABC2BA3E41800C5255C /* Debug */,
				D2D76ABD2BA3E41800C5255C /* Release */,
			);
			defaultConfigurationIsVisible = 0;
			defaultConfigurationName = Release;
		};
		D2D76ABE2BA3E41800C5255C /* Build configuration list for PBXNativeTarget "CloneInstargramApp" */ = {
			isa = XCConfigurationList;
			buildConfigurations = (
				D2D76ABF2BA3E41800C5255C /* Debug */,
				D2D76AC02BA3E41800C5255C /* Release */,
			);
			defaultConfigurationIsVisible = 0;
			defaultConfigurationName = Release;
		};
		D2D76AC12BA3E41800C5255C /* Build configuration list for PBXNativeTarget "CloneInstargramAppTests" */ = {
			isa = XCConfigurationList;
			buildConfigurations = (
				D2D76AC22BA3E41800C5255C /* Debug */,
				D2D76AC32BA3E41800C5255C /* Release */,
			);
			defaultConfigurationIsVisible = 0;
			defaultConfigurationName = Release;
		};
		D2D76AC42BA3E41800C5255C /* Build configuration list for PBXNativeTarget "CloneInstargramAppUITests" */ = {
			isa = XCConfigurationList;
			buildConfigurations = (
				D2D76AC52BA3E41800C5255C /* Debug */,
				D2D76AC62BA3E41800C5255C /* Release */,
			);
			defaultConfigurationIsVisible = 0;
			defaultConfigurationName = Release;
		};
/* End XCConfigurationList section */
	};
	rootObject = D2D76A902BA3E41400C5255C /* Project object */;
}
